// !$*UTF8*$!
{
	archiveVersion = 1;
	classes = {
	};
	objectVersion = 50;
	objects = {

/* Begin PBXBuildFile section */
		82791A842310EC9900B9E2DB /* AppDelegate.swift in Sources */ = {isa = PBXBuildFile; fileRef = 82791A832310EC9900B9E2DB /* AppDelegate.swift */; };
		82791A862310EC9900B9E2DB /* ViewController.swift in Sources */ = {isa = PBXBuildFile; fileRef = 82791A852310EC9900B9E2DB /* ViewController.swift */; };
		82791A892310EC9900B9E2DB /* Main.storyboard in Resources */ = {isa = PBXBuildFile; fileRef = 82791A872310EC9900B9E2DB /* Main.storyboard */; };
		82791A8B2310EC9B00B9E2DB /* Assets.xcassets in Resources */ = {isa = PBXBuildFile; fileRef = 82791A8A2310EC9B00B9E2DB /* Assets.xcassets */; };
		82791A8E2310EC9B00B9E2DB /* LaunchScreen.storyboard in Resources */ = {isa = PBXBuildFile; fileRef = 82791A8C2310EC9B00B9E2DB /* LaunchScreen.storyboard */; };
		82B04E3723189B17000DD5A5 /* SettingsTableViewController.swift in Sources */ = {isa = PBXBuildFile; fileRef = 82B04E3623189B17000DD5A5 /* SettingsTableViewController.swift */; };
		82B04E3B2318D804000DD5A5 /* Sounds in Resources */ = {isa = PBXBuildFile; fileRef = 82B04E3A2318D804000DD5A5 /* Sounds */; };
/* End PBXBuildFile section */

/* Begin PBXFileReference section */
		82791A802310EC9900B9E2DB /* Random Interval Reaction Timer.app */ = {isa = PBXFileReference; explicitFileType = wrapper.application; includeInIndex = 0; path = "Random Interval Reaction Timer.app"; sourceTree = BUILT_PRODUCTS_DIR; };
		82791A832310EC9900B9E2DB /* AppDelegate.swift */ = {isa = PBXFileReference; lastKnownFileType = sourcecode.swift; path = AppDelegate.swift; sourceTree = "<group>"; };
		82791A852310EC9900B9E2DB /* ViewController.swift */ = {isa = PBXFileReference; lastKnownFileType = sourcecode.swift; path = ViewController.swift; sourceTree = "<group>"; };
		82791A882310EC9900B9E2DB /* Base */ = {isa = PBXFileReference; lastKnownFileType = file.storyboard; name = Base; path = Base.lproj/Main.storyboard; sourceTree = "<group>"; };
		82791A8A2310EC9B00B9E2DB /* Assets.xcassets */ = {isa = PBXFileReference; lastKnownFileType = folder.assetcatalog; path = Assets.xcassets; sourceTree = "<group>"; };
		82791A8D2310EC9B00B9E2DB /* Base */ = {isa = PBXFileReference; lastKnownFileType = file.storyboard; name = Base; path = Base.lproj/LaunchScreen.storyboard; sourceTree = "<group>"; };
		82791A8F2310EC9B00B9E2DB /* Info.plist */ = {isa = PBXFileReference; lastKnownFileType = text.plist.xml; path = Info.plist; sourceTree = "<group>"; };
		82B04E3623189B17000DD5A5 /* SettingsTableViewController.swift */ = {isa = PBXFileReference; lastKnownFileType = sourcecode.swift; path = SettingsTableViewController.swift; sourceTree = "<group>"; };
		82B04E3A2318D804000DD5A5 /* Sounds */ = {isa = PBXFileReference; lastKnownFileType = folder; path = Sounds; sourceTree = "<group>"; };
/* End PBXFileReference section */

/* Begin PBXFrameworksBuildPhase section */
		82791A7D2310EC9900B9E2DB /* Frameworks */ = {
			isa = PBXFrameworksBuildPhase;
			buildActionMask = 2147483647;
			files = (
			);
			runOnlyForDeploymentPostprocessing = 0;
		};
/* End PBXFrameworksBuildPhase section */

/* Begin PBXGroup section */
		82791A772310EC9900B9E2DB = {
			isa = PBXGroup;
			children = (
				82B04E3A2318D804000DD5A5 /* Sounds */,
				82791A822310EC9900B9E2DB /* Random Interval Reaction Timer */,
				82791A812310EC9900B9E2DB /* Products */,
			);
			sourceTree = "<group>";
		};
		82791A812310EC9900B9E2DB /* Products */ = {
			isa = PBXGroup;
			children = (
				82791A802310EC9900B9E2DB /* Random Interval Reaction Timer.app */,
			);
			name = Products;
			sourceTree = "<group>";
		};
		82791A822310EC9900B9E2DB /* Random Interval Reaction Timer */ = {
			isa = PBXGroup;
			children = (
				82791A832310EC9900B9E2DB /* AppDelegate.swift */,
				82791A852310EC9900B9E2DB /* ViewController.swift */,
				82B04E3623189B17000DD5A5 /* SettingsTableViewController.swift */,
				82791A872310EC9900B9E2DB /* Main.storyboard */,
				82791A8A2310EC9B00B9E2DB /* Assets.xcassets */,
				82791A8C2310EC9B00B9E2DB /* LaunchScreen.storyboard */,
				82791A8F2310EC9B00B9E2DB /* Info.plist */,
			);
			path = "Random Interval Reaction Timer";
			sourceTree = "<group>";
		};
/* End PBXGroup section */

/* Begin PBXNativeTarget section */
		82791A7F2310EC9900B9E2DB /* Random Interval Reaction Timer */ = {
			isa = PBXNativeTarget;
			buildConfigurationList = 82791A922310EC9B00B9E2DB /* Build configuration list for PBXNativeTarget "Random Interval Reaction Timer" */;
			buildPhases = (
				82791A7C2310EC9900B9E2DB /* Sources */,
				82791A7D2310EC9900B9E2DB /* Frameworks */,
				82791A7E2310EC9900B9E2DB /* Resources */,
			);
			buildRules = (
			);
			dependencies = (
			);
			name = "Random Interval Reaction Timer";
			productName = "Random Interval Reaction Timer";
			productReference = 82791A802310EC9900B9E2DB /* Random Interval Reaction Timer.app */;
			productType = "com.apple.product-type.application";
		};
/* End PBXNativeTarget section */

/* Begin PBXProject section */
		82791A782310EC9900B9E2DB /* Project object */ = {
			isa = PBXProject;
			attributes = {
				LastSwiftUpdateCheck = 1030;
				LastUpgradeCheck = 1030;
				ORGANIZATIONNAME = Jobless;
				TargetAttributes = {
					82791A7F2310EC9900B9E2DB = {
						CreatedOnToolsVersion = 10.3;
					};
				};
			};
			buildConfigurationList = 82791A7B2310EC9900B9E2DB /* Build configuration list for PBXProject "Random Interval Reaction Timer" */;
			compatibilityVersion = "Xcode 9.3";
			developmentRegion = en;
			hasScannedForEncodings = 0;
			knownRegions = (
				en,
				Base,
			);
			mainGroup = 82791A772310EC9900B9E2DB;
			productRefGroup = 82791A812310EC9900B9E2DB /* Products */;
			projectDirPath = "";
			projectRoot = "";
			targets = (
				82791A7F2310EC9900B9E2DB /* Random Interval Reaction Timer */,
			);
		};
/* End PBXProject section */

/* Begin PBXResourcesBuildPhase section */
		82791A7E2310EC9900B9E2DB /* Resources */ = {
			isa = PBXResourcesBuildPhase;
			buildActionMask = 2147483647;
			files = (
				82791A8E2310EC9B00B9E2DB /* LaunchScreen.storyboard in Resources */,
				82791A8B2310EC9B00B9E2DB /* Assets.xcassets in Resources */,
				82B04E3B2318D804000DD5A5 /* Sounds in Resources */,
				82791A892310EC9900B9E2DB /* Main.storyboard in Resources */,
			);
			runOnlyForDeploymentPostprocessing = 0;
		};
/* End PBXResourcesBuildPhase section */

/* Begin PBXSourcesBuildPhase section */
		82791A7C2310EC9900B9E2DB /* Sources */ = {
			isa = PBXSourcesBuildPhase;
			buildActionMask = 2147483647;
			files = (
				82B04E3723189B17000DD5A5 /* SettingsTableViewController.swift in Sources */,
				82791A862310EC9900B9E2DB /* ViewController.swift in Sources */,
				82791A842310EC9900B9E2DB /* AppDelegate.swift in Sources */,
			);
			runOnlyForDeploymentPostprocessing = 0;
		};
/* End PBXSourcesBuildPhase section */

/* Begin PBXVariantGroup section */
		82791A872310EC9900B9E2DB /* Main.storyboard */ = {
			isa = PBXVariantGroup;
			children = (
				82791A882310EC9900B9E2DB /* Base */,
			);
			name = Main.storyboard;
			sourceTree = "<group>";
		};
		82791A8C2310EC9B00B9E2DB /* LaunchScreen.storyboard */ = {
			isa = PBXVariantGroup;
			children = (
				82791A8D2310EC9B00B9E2DB /* Base */,
			);
			name = LaunchScreen.storyboard;
			sourceTree = "<group>";
		};
/* End PBXVariantGroup section */

/* Begin XCBuildConfiguration section */
		82791A902310EC9B00B9E2DB /* Debug */ = {
			isa = XCBuildConfiguration;
			buildSettings = {
				ALWAYS_SEARCH_USER_PATHS = NO;
				CLANG_ANALYZER_NONNULL = YES;
				CLANG_ANALYZER_NUMBER_OBJECT_CONVERSION = YES_AGGRESSIVE;
				CLANG_CXX_LANGUAGE_STANDARD = "gnu++14";
				CLANG_CXX_LIBRARY = "libc++";
				CLANG_ENABLE_MODULES = YES;
				CLANG_ENABLE_OBJC_ARC = YES;
				CLANG_ENABLE_OBJC_WEAK = YES;
				CLANG_WARN_BLOCK_CAPTURE_AUTORELEASING = YES;
				CLANG_WARN_BOOL_CONVERSION = YES;
				CLANG_WARN_COMMA = YES;
				CLANG_WARN_CONSTANT_CONVERSION = YES;
				CLANG_WARN_DEPRECATED_OBJC_IMPLEMENTATIONS = YES;
				CLANG_WARN_DIRECT_OBJC_ISA_USAGE = YES_ERROR;
				CLANG_WARN_DOCUMENTATION_COMMENTS = YES;
				CLANG_WARN_EMPTY_BODY = YES;
				CLANG_WARN_ENUM_CONVERSION = YES;
				CLANG_WARN_INFINITE_RECURSION = YES;
				CLANG_WARN_INT_CONVERSION = YES;
				CLANG_WARN_NON_LITERAL_NULL_CONVERSION = YES;
				CLANG_WARN_OBJC_IMPLICIT_RETAIN_SELF = YES;
				CLANG_WARN_OBJC_LITERAL_CONVERSION = YES;
				CLANG_WARN_OBJC_ROOT_CLASS = YES_ERROR;
				CLANG_WARN_RANGE_LOOP_ANALYSIS = YES;
				CLANG_WARN_STRICT_PROTOTYPES = YES;
				CLANG_WARN_SUSPICIOUS_MOVE = YES;
				CLANG_WARN_UNGUARDED_AVAILABILITY = YES_AGGRESSIVE;
				CLANG_WARN_UNREACHABLE_CODE = YES;
				CLANG_WARN__DUPLICATE_METHOD_MATCH = YES;
				CODE_SIGN_IDENTITY = "iPhone Developer";
				COPY_PHASE_STRIP = NO;
				DEBUG_INFORMATION_FORMAT = dwarf;
				ENABLE_STRICT_OBJC_MSGSEND = YES;
				ENABLE_TESTABILITY = YES;
				GCC_C_LANGUAGE_STANDARD = gnu11;
				GCC_DYNAMIC_NO_PIC = NO;
				GCC_NO_COMMON_BLOCKS = YES;
				GCC_OPTIMIZATION_LEVEL = 0;
				GCC_PREPROCESSOR_DEFINITIONS = (
					"DEBUG=1",
					"$(inherited)",
				);
				GCC_WARN_64_TO_32_BIT_CONVERSION = YES;
				GCC_WARN_ABOUT_RETURN_TYPE = YES_ERROR;
				GCC_WARN_UNDECLARED_SELECTOR = YES;
				GCC_WARN_UNINITIALIZED_AUTOS = YES_AGGRESSIVE;
				GCC_WARN_UNUSED_FUNCTION = YES;
				GCC_WARN_UNUSED_VARIABLE = YES;
				IPHONEOS_DEPLOYMENT_TARGET = 12.4;
				MTL_ENABLE_DEBUG_INFO = INCLUDE_SOURCE;
				MTL_FAST_MATH = YES;
				ONLY_ACTIVE_ARCH = YES;
				SDKROOT = iphoneos;
				SWIFT_ACTIVE_COMPILATION_CONDITIONS = DEBUG;
				SWIFT_OPTIMIZATION_LEVEL = "-Onone";
			};
			name = Debug;
		};
		82791A912310EC9B00B9E2DB /* Release */ = {
			isa = XCBuildConfiguration;
			buildSettings = {
				ALWAYS_SEARCH_USER_PATHS = NO;
				CLANG_ANALYZER_NONNULL = YES;
				CLANG_ANALYZER_NUMBER_OBJECT_CONVERSION = YES_AGGRESSIVE;
				CLANG_CXX_LANGUAGE_STANDARD = "gnu++14";
				CLANG_CXX_LIBRARY = "libc++";
				CLANG_ENABLE_MODULES = YES;
				CLANG_ENABLE_OBJC_ARC = YES;
				CLANG_ENABLE_OBJC_WEAK = YES;
				CLANG_WARN_BLOCK_CAPTURE_AUTORELEASING = YES;
				CLANG_WARN_BOOL_CONVERSION = YES;
				CLANG_WARN_COMMA = YES;
				CLANG_WARN_CONSTANT_CONVERSION = YES;
				CLANG_WARN_DEPRECATED_OBJC_IMPLEMENTATIONS = YES;
				CLANG_WARN_DIRECT_OBJC_ISA_USAGE = YES_ERROR;
				CLANG_WARN_DOCUMENTATION_COMMENTS = YES;
				CLANG_WARN_EMPTY_BODY = YES;
				CLANG_WARN_ENUM_CONVERSION = YES;
				CLANG_WARN_INFINITE_RECURSION = YES;
				CLANG_WARN_INT_CONVERSION = YES;
				CLANG_WARN_NON_LITERAL_NULL_CONVERSION = YES;
				CLANG_WARN_OBJC_IMPLICIT_RETAIN_SELF = YES;
				CLANG_WARN_OBJC_LITERAL_CONVERSION = YES;
				CLANG_WARN_OBJC_ROOT_CLASS = YES_ERROR;
				CLANG_WARN_RANGE_LOOP_ANALYSIS = YES;
				CLANG_WARN_STRICT_PROTOTYPES = YES;
				CLANG_WARN_SUSPICIOUS_MOVE = YES;
				CLANG_WARN_UNGUARDED_AVAILABILITY = YES_AGGRESSIVE;
				CLANG_WARN_UNREACHABLE_CODE = YES;
				CLANG_WARN__DUPLICATE_METHOD_MATCH = YES;
				CODE_SIGN_IDENTITY = "iPhone Developer";
				COPY_PHASE_STRIP = NO;
				DEBUG_INFORMATION_FORMAT = "dwarf-with-dsym";
				ENABLE_NS_ASSERTIONS = NO;
				ENABLE_STRICT_OBJC_MSGSEND = YES;
				GCC_C_LANGUAGE_STANDARD = gnu11;
				GCC_NO_COMMON_BLOCKS = YES;
				GCC_WARN_64_TO_32_BIT_CONVERSION = YES;
				GCC_WARN_ABOUT_RETURN_TYPE = YES_ERROR;
				GCC_WARN_UNDECLARED_SELECTOR = YES;
				GCC_WARN_UNINITIALIZED_AUTOS = YES_AGGRESSIVE;
				GCC_WARN_UNUSED_FUNCTION = YES;
				GCC_WARN_UNUSED_VARIABLE = YES;
				IPHONEOS_DEPLOYMENT_TARGET = 12.4;
				MTL_ENABLE_DEBUG_INFO = NO;
				MTL_FAST_MATH = YES;
				SDKROOT = iphoneos;
				SWIFT_COMPILATION_MODE = wholemodule;
				SWIFT_OPTIMIZATION_LEVEL = "-O";
				VALIDATE_PRODUCT = YES;
			};
			name = Release;
		};
		82791A932310EC9B00B9E2DB /* Debug */ = {
			isa = XCBuildConfiguration;
			buildSettings = {
				ASSETCATALOG_COMPILER_APPICON_NAME = AppIcon;
				CODE_SIGN_STYLE = Automatic;
				DEVELOPMENT_TEAM = 4CPYJT332Y;
				INFOPLIST_FILE = "Random Interval Reaction Timer/Info.plist";
				LD_RUNPATH_SEARCH_PATHS = (
					"$(inherited)",
					"@executable_path/Frameworks",
				);
				PRODUCT_BUNDLE_IDENTIFIER = "Jobless.Random-Interval-Reaction-Timer";
				PRODUCT_NAME = "$(TARGET_NAME)";
				SWIFT_VERSION = 5.0;
				TARGETED_DEVICE_FAMILY = "1,2";
			};
			name = Debug;
		};
		82791A942310EC9B00B9E2DB /* Release */ = {
			isa = XCBuildConfiguration;
			buildSettings = {
				ASSETCATALOG_COMPILER_APPICON_NAME = AppIcon;
				CODE_SIGN_STYLE = Automatic;
				DEVELOPMENT_TEAM = 4CPYJT332Y;
				INFOPLIST_FILE = "Random Interval Reaction Timer/Info.plist";
				LD_RUNPATH_SEARCH_PATHS = (
					"$(inherited)",
					"@executable_path/Frameworks",
				);
				PRODUCT_BUNDLE_IDENTIFIER = "Jobless.Random-Interval-Reaction-Timer";
				PRODUCT_NAME = "$(TARGET_NAME)";
				SWIFT_VERSION = 5.0;
				TARGETED_DEVICE_FAMILY = "1,2";
			};
			name = Release;
		};
/* End XCBuildConfiguration section */

/* Begin XCConfigurationList section */
		82791A7B2310EC9900B9E2DB /* Build configuration list for PBXProject "Random Interval Reaction Timer" */ = {
			isa = XCConfigurationList;
			buildConfigurations = (
				82791A902310EC9B00B9E2DB /* Debug */,
				82791A912310EC9B00B9E2DB /* Release */,
			);
			defaultConfigurationIsVisible = 0;
			defaultConfigurationName = Release;
		};
		82791A922310EC9B00B9E2DB /* Build configuration list for PBXNativeTarget "Random Interval Reaction Timer" */ = {
			isa = XCConfigurationList;
			buildConfigurations = (
				82791A932310EC9B00B9E2DB /* Debug */,
				82791A942310EC9B00B9E2DB /* Release */,
			);
			defaultConfigurationIsVisible = 0;
			defaultConfigurationName = Release;
		};
/* End XCConfigurationList section */
	};
	rootObject = 82791A782310EC9900B9E2DB /* Project object */;
}
